// !$*UTF8*$!
{
	archiveVersion = 1;
	classes = {
	};
	objectVersion = 77;
	objects = {

/* Begin PBXBuildFile section */
		C6A700000000000000000003 /* CaptureServices in Frameworks */ = {isa = PBXBuildFile; productRef = C6A700000000000000000002 /* CaptureServices */; };
		DE51900000000000000000A3 /* DesignSystem in Frameworks */ = {isa = PBXBuildFile; productRef = DE51900000000000000000A2 /* DesignSystem */; };
		A80000000000000000000003 /* ArchiveServices in Frameworks */ = {isa = PBXBuildFile; productRef = A80000000000000000000002 /* ArchiveServices */; };
		A80300000000000000000003 /* DocumentViewerFeature in Frameworks */ = {isa = PBXBuildFile; productRef = A80300000000000000000002 /* DocumentViewerFeature */; };
		A80400000000000000000003 /* CaptureFeature in Frameworks */ = {isa = PBXBuildFile; productRef = A80400000000000000000002 /* CaptureFeature */; };
		A80100000000000000000003 /* WatakeDomain in Frameworks */ = {isa = PBXBuildFile; productRef = A80100000000000000000002 /* WatakeDomain */; };
		A80200000000000000000003 /* WatakeStorage in Frameworks */ = {isa = PBXBuildFile; productRef = A80200000000000000000002 /* WatakeStorage */; };
/* End PBXBuildFile section */

/* Begin PBXContainerItemProxy section */
		66D93ED0301244A500039664 /* PBXContainerItemProxy */ = {
			isa = PBXContainerItemProxy;
			containerPortal = 66D93EB8301244A300039664 /* Project object */;
			proxyType = 1;
			remoteGlobalIDString = 66D93EBF301244A300039664;
			remoteInfo = watake;
		};
		66D93EDA301244A500039664 /* PBXContainerItemProxy */ = {
			isa = PBXContainerItemProxy;
			containerPortal = 66D93EB8301244A300039664 /* Project object */;
			proxyType = 1;
			remoteGlobalIDString = 66D93EBF301244A300039664;
			remoteInfo = watake;
		};
/* End PBXContainerItemProxy section */

/* Begin PBXFileReference section */
		C0DE00010000000000000001 /* Base.xcconfig */ = {isa = PBXFileReference; lastKnownFileType = text.xcconfig; path = Base.xcconfig; sourceTree = "<group>"; };
		C0DE00020000000000000002 /* Dev.xcconfig */ = {isa = PBXFileReference; lastKnownFileType = text.xcconfig; path = Dev.xcconfig; sourceTree = "<group>"; };
		C0DE00030000000000000003 /* Staging.xcconfig */ = {isa = PBXFileReference; lastKnownFileType = text.xcconfig; path = Staging.xcconfig; sourceTree = "<group>"; };
		C0DE00040000000000000004 /* Prod.xcconfig */ = {isa = PBXFileReference; lastKnownFileType = text.xcconfig; path = Prod.xcconfig; sourceTree = "<group>"; };
		66D93EC0301244A300039664 /* watake.app */ = {isa = PBXFileReference; explicitFileType = wrapper.application; includeInIndex = 0; path = watake.app; sourceTree = BUILT_PRODUCTS_DIR; };
		66D93ECF301244A500039664 /* watakeTests.xctest */ = {isa = PBXFileReference; explicitFileType = wrapper.cfbundle; includeInIndex = 0; path = watakeTests.xctest; sourceTree = BUILT_PRODUCTS_DIR; };
		66D93ED9301244A500039664 /* watakeUITests.xctest */ = {isa = PBXFileReference; explicitFileType = wrapper.cfbundle; includeInIndex = 0; path = watakeUITests.xctest; sourceTree = BUILT_PRODUCTS_DIR; };
/* End PBXFileReference section */

/* Begin PBXFileSystemSynchronizedRootGroup section */
		66D93EC2301244A300039664 /* watake */ = {
			isa = PBXFileSystemSynchronizedRootGroup;
			path = watake;
			sourceTree = "<group>";
		};
		66D93ED2301244A500039664 /* watakeTests */ = {
			isa = PBXFileSystemSynchronizedRootGroup;
			path = watakeTests;
			sourceTree = "<group>";
		};
		66D93EDC301244A500039664 /* watakeUITests */ = {
			isa = PBXFileSystemSynchronizedRootGroup;
			path = watakeUITests;
			sourceTree = "<group>";
		};
/* End PBXFileSystemSynchronizedRootGroup section */

/* Begin PBXFrameworksBuildPhase section */
		66D93EBD301244A300039664 /* Frameworks */ = {
			isa = PBXFrameworksBuildPhase;
			buildActionMask = 2147483647;
			files = (
				C6A700000000000000000003 /* CaptureServices in Frameworks */,
				DE51900000000000000000A3 /* DesignSystem in Frameworks */,
				A80000000000000000000003 /* ArchiveServices in Frameworks */,
				A80100000000000000000003 /* WatakeDomain in Frameworks */,
				A80200000000000000000003 /* WatakeStorage in Frameworks */,
				A80300000000000000000003 /* DocumentViewerFeature in Frameworks */,
				A80400000000000000000003 /* CaptureFeature in Frameworks */,
			);
			runOnlyForDeploymentPostprocessing = 0;
		};
		66D93ECC301244A500039664 /* Frameworks */ = {
			isa = PBXFrameworksBuildPhase;
			buildActionMask = 2147483647;
			files = (
			);
			runOnlyForDeploymentPostprocessing = 0;
		};
		66D93ED6301244A500039664 /* Frameworks */ = {
			isa = PBXFrameworksBuildPhase;
			buildActionMask = 2147483647;
			files = (
			);
			runOnlyForDeploymentPostprocessing = 0;
		};
/* End PBXFrameworksBuildPhase section */

/* Begin PBXGroup section */
		66D93EB7301244A300039664 = {
			isa = PBXGroup;
			children = (
				C0DE00050000000000000005 /* Config */,
				66D93EC2301244A300039664 /* watake */,
				66D93ED2301244A500039664 /* watakeTests */,
				66D93EDC301244A500039664 /* watakeUITests */,
				66D93EC1301244A300039664 /* Products */,
			);
			sourceTree = "<group>";
		};
		C0DE00050000000000000005 /* Config */ = {
			isa = PBXGroup;
			children = (
				C0DE00010000000000000001 /* Base.xcconfig */,
				C0DE00020000000000000002 /* Dev.xcconfig */,
				C0DE00030000000000000003 /* Staging.xcconfig */,
				C0DE00040000000000000004 /* Prod.xcconfig */,
			);
			path = Config;
			sourceTree = "<group>";
		};
		66D93EC1301244A300039664 /* Products */ = {
			isa = PBXGroup;
			children = (
				66D93EC0301244A300039664 /* watake.app */,
				66D93ECF301244A500039664 /* watakeTests.xctest */,
				66D93ED9301244A500039664 /* watakeUITests.xctest */,
			);
			name = Products;
			sourceTree = "<group>";
		};
/* End PBXGroup section */

/* Begin PBXNativeTarget section */
		66D93EBF301244A300039664 /* watake */ = {
			isa = PBXNativeTarget;
			buildConfigurationList = 66D93EE3301244A500039664 /* Build configuration list for PBXNativeTarget "watake" */;
			buildPhases = (
				66D93EBC301244A300039664 /* Sources */,
				66D93EBD301244A300039664 /* Frameworks */,
				66D93EBE301244A300039664 /* Resources */,
			);
			buildRules = (
			);
			dependencies = (
			);
			fileSystemSynchronizedGroups = (
				66D93EC2301244A300039664 /* watake */,
			);
			name = watake;
			packageProductDependencies = (
				C6A700000000000000000002 /* CaptureServices */,
				DE51900000000000000000A2 /* DesignSystem */,
				A80000000000000000000002 /* ArchiveServices */,
				A80100000000000000000002 /* WatakeDomain */,
				A80200000000000000000002 /* WatakeStorage */,
				A80300000000000000000002 /* DocumentViewerFeature */,
				A80400000000000000000002 /* CaptureFeature */,
			);
			productName = watake;
			productReference = 66D93EC0301244A300039664 /* watake.app */;
			productType = "com.apple.product-type.application";
		};
		66D93ECE301244A500039664 /* watakeTests */ = {
			isa = PBXNativeTarget;
			buildConfigurationList = 66D93EE6301244A500039664 /* Build configuration list for PBXNativeTarget "watakeTests" */;
			buildPhases = (
				66D93ECB301244A500039664 /* Sources */,
				66D93ECC301244A500039664 /* Frameworks */,
				66D93ECD301244A500039664 /* Resources */,
			);
			buildRules = (
			);
			dependencies = (
				66D93ED1301244A500039664 /* PBXTargetDependency */,
			);
			fileSystemSynchronizedGroups = (
				66D93ED2301244A500039664 /* watakeTests */,
			);
			name = watakeTests;
			packageProductDependencies = (
			);
			productName = watakeTests;
			productReference = 66D93ECF301244A500039664 /* watakeTests.xctest */;
			productType = "com.apple.product-type.bundle.unit-test";
		};
		66D93ED8301244A500039664 /* watakeUITests */ = {
			isa = PBXNativeTarget;
			buildConfigurationList = 66D93EE9301244A500039664 /* Build configuration list for PBXNativeTarget "watakeUITests" */;
			buildPhases = (
				66D93ED5301244A500039664 /* Sources */,
				66D93ED6301244A500039664 /* Frameworks */,
				66D93ED7301244A500039664 /* Resources */,
			);
			buildRules = (
			);
			dependencies = (
				66D93EDB301244A500039664 /* PBXTargetDependency */,
			);
			fileSystemSynchronizedGroups = (
				66D93EDC301244A500039664 /* watakeUITests */,
			);
			name = watakeUITests;
			packageProductDependencies = (
			);
			productName = watakeUITests;
			productReference = 66D93ED9301244A500039664 /* watakeUITests.xctest */;
			productType = "com.apple.product-type.bundle.ui-testing";
		};
/* End PBXNativeTarget section */

/* Begin PBXProject section */
		66D93EB8301244A300039664 /* Project object */ = {
			isa = PBXProject;
			attributes = {
				BuildIndependentTargetsInParallel = 1;
				LastSwiftUpdateCheck = 2660;
				LastUpgradeCheck = 2660;
				TargetAttributes = {
					66D93EBF301244A300039664 = {
						CreatedOnToolsVersion = 26.6;
					};
					66D93ECE301244A500039664 = {
						CreatedOnToolsVersion = 26.6;
						TestTargetID = 66D93EBF301244A300039664;
					};
					66D93ED8301244A500039664 = {
						CreatedOnToolsVersion = 26.6;
						TestTargetID = 66D93EBF301244A300039664;
					};
				};
			};
			buildConfigurationList = 66D93EBB301244A300039664 /* Build configuration list for PBXProject "watake" */;
			developmentRegion = en;
			hasScannedForEncodings = 0;
			knownRegions = (
				en,
				Base,
			);
			mainGroup = 66D93EB7301244A300039664;
			minimizedProjectReferenceProxies = 1;
			packageReferences = (
				C6A700000000000000000001 /* XCLocalSwiftPackageReference "Packages/CaptureServices" */,
				DE51900000000000000000A1 /* XCLocalSwiftPackageReference "Packages/DesignSystem" */,
				A80000000000000000000001 /* XCLocalSwiftPackageReference "Packages/ArchiveServices" */,
				A80100000000000000000001 /* XCLocalSwiftPackageReference "Packages/WatakeDomain" */,
				A80200000000000000000001 /* XCLocalSwiftPackageReference "Packages/WatakeStorage" */,
				A80300000000000000000001 /* XCLocalSwiftPackageReference "Packages/DocumentViewerFeature" */,
				A80400000000000000000001 /* XCLocalSwiftPackageReference "Packages/CaptureFeature" */,
			);
			preferredProjectObjectVersion = 77;
			productRefGroup = 66D93EC1301244A300039664 /* Products */;
			projectDirPath = "";
			projectRoot = "";
			targets = (
				66D93EBF301244A300039664 /* watake */,
				66D93ECE301244A500039664 /* watakeTests */,
				66D93ED8301244A500039664 /* watakeUITests */,
			);
		};
/* End PBXProject section */

/* Begin PBXResourcesBuildPhase section */
		66D93EBE301244A300039664 /* Resources */ = {
			isa = PBXResourcesBuildPhase;
			buildActionMask = 2147483647;
			files = (
			);
			runOnlyForDeploymentPostprocessing = 0;
		};
		66D93ECD301244A500039664 /* Resources */ = {
			isa = PBXResourcesBuildPhase;
			buildActionMask = 2147483647;
			files = (
			);
			runOnlyForDeploymentPostprocessing = 0;
		};
		66D93ED7301244A500039664 /* Resources */ = {
			isa = PBXResourcesBuildPhase;
			buildActionMask = 2147483647;
			files = (
			);
			runOnlyForDeploymentPostprocessing = 0;
		};
/* End PBXResourcesBuildPhase section */

/* Begin PBXSourcesBuildPhase section */
		66D93EBC301244A300039664 /* Sources */ = {
			isa = PBXSourcesBuildPhase;
			buildActionMask = 2147483647;
			files = (
			);
			runOnlyForDeploymentPostprocessing = 0;
		};
		66D93ECB301244A500039664 /* Sources */ = {
			isa = PBXSourcesBuildPhase;
			buildActionMask = 2147483647;
			files = (
			);
			runOnlyForDeploymentPostprocessing = 0;
		};
		66D93ED5301244A500039664 /* Sources */ = {
			isa = PBXSourcesBuildPhase;
			buildActionMask = 2147483647;
			files = (
			);
			runOnlyForDeploymentPostprocessing = 0;
		};
/* End PBXSourcesBuildPhase section */

/* Begin PBXTargetDependency section */
		66D93ED1301244A500039664 /* PBXTargetDependency */ = {
			isa = PBXTargetDependency;
			target = 66D93EBF301244A300039664 /* watake */;
			targetProxy = 66D93ED0301244A500039664 /* PBXContainerItemProxy */;
		};
		66D93EDB301244A500039664 /* PBXTargetDependency */ = {
			isa = PBXTargetDependency;
			target = 66D93EBF301244A300039664 /* watake */;
			targetProxy = 66D93EDA301244A500039664 /* PBXContainerItemProxy */;
		};
/* End PBXTargetDependency section */

/* Begin XCBuildConfiguration section */
		66D93EE1301244A500039664 /* Debug-Dev */ = {
			isa = XCBuildConfiguration;
			buildSettings = {
				ALWAYS_SEARCH_USER_PATHS = NO;
				ASSETCATALOG_COMPILER_GENERATE_SWIFT_ASSET_SYMBOL_EXTENSIONS = YES;
				CLANG_ANALYZER_NONNULL = YES;
				CLANG_ANALYZER_NUMBER_OBJECT_CONVERSION = YES_AGGRESSIVE;
				CLANG_CXX_LANGUAGE_STANDARD = "gnu++20";
				CLANG_ENABLE_MODULES = YES;
				CLANG_ENABLE_OBJC_ARC = YES;
				CLANG_ENABLE_OBJC_WEAK = YES;
				CLANG_WARN_BLOCK_CAPTURE_AUTORELEASING = YES;
				CLANG_WARN_BOOL_CONVERSION = YES;
				CLANG_WARN_COMMA = YES;
				CLANG_WARN_CONSTANT_CONVERSION = YES;
				CLANG_WARN_DEPRECATED_OBJC_IMPLEMENTATIONS = YES;
				CLANG_WARN_DIRECT_OBJC_ISA_USAGE = YES_ERROR;
				CLANG_WARN_DOCUMENTATION_COMMENTS = YES;
				CLANG_WARN_EMPTY_BODY = YES;
				CLANG_WARN_ENUM_CONVERSION = YES;
				CLANG_WARN_INFINITE_RECURSION = YES;
				CLANG_WARN_INT_CONVERSION = YES;
				CLANG_WARN_NON_LITERAL_NULL_CONVERSION = YES;
				CLANG_WARN_OBJC_IMPLICIT_RETAIN_SELF = YES;
				CLANG_WARN_OBJC_LITERAL_CONVERSION = YES;
				CLANG_WARN_OBJC_ROOT_CLASS = YES_ERROR;
				CLANG_WARN_QUOTED_INCLUDE_IN_FRAMEWORK_HEADER = YES;
				CLANG_WARN_RANGE_LOOP_ANALYSIS = YES;
				CLANG_WARN_STRICT_PROTOTYPES = YES;
				CLANG_WARN_SUSPICIOUS_MOVE = YES;
				CLANG_WARN_UNGUARDED_AVAILABILITY = YES_AGGRESSIVE;
				CLANG_WARN_UNREACHABLE_CODE = YES;
				CLANG_WARN__DUPLICATE_METHOD_MATCH = YES;
				COPY_PHASE_STRIP = NO;
				DEBUG_INFORMATION_FORMAT = dwarf;
				DEVELOPMENT_TEAM = RKJRTR6K94;
				ENABLE_STRICT_OBJC_MSGSEND = YES;
				ENABLE_TESTABILITY = YES;
				ENABLE_USER_SCRIPT_SANDBOXING = YES;
				GCC_C_LANGUAGE_STANDARD = gnu17;
				GCC_DYNAMIC_NO_PIC = NO;
				GCC_NO_COMMON_BLOCKS = YES;
				GCC_OPTIMIZATION_LEVEL = 0;
				GCC_PREPROCESSOR_DEFINITIONS = (
					"DEBUG=1",
					"$(inherited)",
				);
				GCC_WARN_64_TO_32_BIT_CONVERSION = YES;
				GCC_WARN_ABOUT_RETURN_TYPE = YES_ERROR;
				GCC_WARN_UNDECLARED_SELECTOR = YES;
				GCC_WARN_UNINITIALIZED_AUTOS = YES_AGGRESSIVE;
				GCC_WARN_UNUSED_FUNCTION = YES;
				GCC_WARN_UNUSED_VARIABLE = YES;
				IPHONEOS_DEPLOYMENT_TARGET = 17.0;
				LOCALIZATION_PREFERS_STRING_CATALOGS = YES;
				MTL_ENABLE_DEBUG_INFO = INCLUDE_SOURCE;
				MTL_FAST_MATH = YES;
				ONLY_ACTIVE_ARCH = YES;
				SDKROOT = iphoneos;
				SWIFT_ACTIVE_COMPILATION_CONDITIONS = "DEBUG $(inherited)";
				SWIFT_OPTIMIZATION_LEVEL = "-Onone";
			};
			name = "Debug-Dev";
		};
		66D93EE2301244A500039664 /* Release-Prod */ = {
			isa = XCBuildConfiguration;
			buildSettings = {
				ALWAYS_SEARCH_USER_PATHS = NO;
				ASSETCATALOG_COMPILER_GENERATE_SWIFT_ASSET_SYMBOL_EXTENSIONS = YES;
				CLANG_ANALYZER_NONNULL = YES;
				CLANG_ANALYZER_NUMBER_OBJECT_CONVERSION = YES_AGGRESSIVE;
				CLANG_CXX_LANGUAGE_STANDARD = "gnu++20";
				CLANG_ENABLE_MODULES = YES;
				CLANG_ENABLE_OBJC_ARC = YES;
				CLANG_ENABLE_OBJC_WEAK = YES;
				CLANG_WARN_BLOCK_CAPTURE_AUTORELEASING = YES;
				CLANG_WARN_BOOL_CONVERSION = YES;
				CLANG_WARN_COMMA = YES;
				CLANG_WARN_CONSTANT_CONVERSION = YES;
				CLANG_WARN_DEPRECATED_OBJC_IMPLEMENTATIONS = YES;
				CLANG_WARN_DIRECT_OBJC_ISA_USAGE = YES_ERROR;
				CLANG_WARN_DOCUMENTATION_COMMENTS = YES;
				CLANG_WARN_EMPTY_BODY = YES;
				CLANG_WARN_ENUM_CONVERSION = YES;
				CLANG_WARN_INFINITE_RECURSION = YES;
				CLANG_WARN_INT_CONVERSION = YES;
				CLANG_WARN_NON_LITERAL_NULL_CONVERSION = YES;
				CLANG_WARN_OBJC_IMPLICIT_RETAIN_SELF = YES;
				CLANG_WARN_OBJC_LITERAL_CONVERSION = YES;
				CLANG_WARN_OBJC_ROOT_CLASS = YES_ERROR;
				CLANG_WARN_QUOTED_INCLUDE_IN_FRAMEWORK_HEADER = YES;
				CLANG_WARN_RANGE_LOOP_ANALYSIS = YES;
				CLANG_WARN_STRICT_PROTOTYPES = YES;
				CLANG_WARN_SUSPICIOUS_MOVE = YES;
				CLANG_WARN_UNGUARDED_AVAILABILITY = YES_AGGRESSIVE;
				CLANG_WARN_UNREACHABLE_CODE = YES;
				CLANG_WARN__DUPLICATE_METHOD_MATCH = YES;
				COPY_PHASE_STRIP = NO;
				DEBUG_INFORMATION_FORMAT = "dwarf-with-dsym";
				DEVELOPMENT_TEAM = RKJRTR6K94;
				ENABLE_NS_ASSERTIONS = NO;
				ENABLE_STRICT_OBJC_MSGSEND = YES;
				ENABLE_USER_SCRIPT_SANDBOXING = YES;
				GCC_C_LANGUAGE_STANDARD = gnu17;
				GCC_NO_COMMON_BLOCKS = YES;
				GCC_WARN_64_TO_32_BIT_CONVERSION = YES;
				GCC_WARN_ABOUT_RETURN_TYPE = YES_ERROR;
				GCC_WARN_UNDECLARED_SELECTOR = YES;
				GCC_WARN_UNINITIALIZED_AUTOS = YES_AGGRESSIVE;
				GCC_WARN_UNUSED_FUNCTION = YES;
				GCC_WARN_UNUSED_VARIABLE = YES;
				IPHONEOS_DEPLOYMENT_TARGET = 17.0;
				LOCALIZATION_PREFERS_STRING_CATALOGS = YES;
				MTL_ENABLE_DEBUG_INFO = NO;
				MTL_FAST_MATH = YES;
				SDKROOT = iphoneos;
				SWIFT_COMPILATION_MODE = wholemodule;
				VALIDATE_PRODUCT = YES;
			};
			name = "Release-Prod";
		};
		66D93EE4301244A500039664 /* Debug-Dev */ = {
			isa = XCBuildConfiguration;
			baseConfigurationReference = C0DE00020000000000000002 /* Dev.xcconfig */;
			buildSettings = {
				CODE_SIGN_STYLE = Automatic;
				ENABLE_PREVIEWS = YES;
				GENERATE_INFOPLIST_FILE = YES;
				INFOPLIST_KEY_UIApplicationSceneManifest_Generation = YES;
				INFOPLIST_KEY_UIApplicationSupportsIndirectInputEvents = YES;
				INFOPLIST_KEY_UILaunchScreen_Generation = YES;
				INFOPLIST_KEY_UISupportedInterfaceOrientations_iPad = "UIInterfaceOrientationPortrait UIInterfaceOrientationPortraitUpsideDown UIInterfaceOrientationLandscapeLeft UIInterfaceOrientationLandscapeRight";
				INFOPLIST_KEY_UISupportedInterfaceOrientations_iPhone = "UIInterfaceOrientationPortrait UIInterfaceOrientationLandscapeLeft UIInterfaceOrientationLandscapeRight";
				LD_RUNPATH_SEARCH_PATHS = (
					"$(inherited)",
					"@executable_path/Frameworks",
				);
				PRODUCT_NAME = "$(TARGET_NAME)";
				STRING_CATALOG_GENERATE_SYMBOLS = YES;
				SWIFT_APPROACHABLE_CONCURRENCY = YES;
				SWIFT_DEFAULT_ACTOR_ISOLATION = MainActor;
				SWIFT_EMIT_LOC_STRINGS = YES;
				SWIFT_UPCOMING_FEATURE_MEMBER_IMPORT_VISIBILITY = YES;
			};
			name = "Debug-Dev";
		};
		66D93EE5301244A500039664 /* Release-Prod */ = {
			isa = XCBuildConfiguration;
			baseConfigurationReference = C0DE00040000000000000004 /* Prod.xcconfig */;
			buildSettings = {
				CODE_SIGN_STYLE = Automatic;
				ENABLE_PREVIEWS = YES;
				GENERATE_INFOPLIST_FILE = YES;
				INFOPLIST_KEY_UIApplicationSceneManifest_Generation = YES;
				INFOPLIST_KEY_UIApplicationSupportsIndirectInputEvents = YES;
				INFOPLIST_KEY_UILaunchScreen_Generation = YES;
				INFOPLIST_KEY_UISupportedInterfaceOrientations_iPad = "UIInterfaceOrientationPortrait UIInterfaceOrientationPortraitUpsideDown UIInterfaceOrientationLandscapeLeft UIInterfaceOrientationLandscapeRight";
				INFOPLIST_KEY_UISupportedInterfaceOrientations_iPhone = "UIInterfaceOrientationPortrait UIInterfaceOrientationLandscapeLeft UIInterfaceOrientationLandscapeRight";
				LD_RUNPATH_SEARCH_PATHS = (
					"$(inherited)",
					"@executable_path/Frameworks",
				);
				PRODUCT_NAME = "$(TARGET_NAME)";
				STRING_CATALOG_GENERATE_SYMBOLS = YES;
				SWIFT_APPROACHABLE_CONCURRENCY = YES;
				SWIFT_DEFAULT_ACTOR_ISOLATION = MainActor;
				SWIFT_EMIT_LOC_STRINGS = YES;
				SWIFT_UPCOMING_FEATURE_MEMBER_IMPORT_VISIBILITY = YES;
			};
			name = "Release-Prod";
		};
		66D93EE7301244A500039664 /* Debug-Dev */ = {
			isa = XCBuildConfiguration;
			buildSettings = {
				BUNDLE_LOADER = "$(TEST_HOST)";
				CODE_SIGN_STYLE = Automatic;
				CURRENT_PROJECT_VERSION = 1;
				DEVELOPMENT_TEAM = RKJRTR6K94;
				GENERATE_INFOPLIST_FILE = YES;
				IPHONEOS_DEPLOYMENT_TARGET = 17.0;
				MARKETING_VERSION = 1.0;
				PRODUCT_BUNDLE_IDENTIFIER = com.reypryma.watakeTests;
				PRODUCT_NAME = "$(TARGET_NAME)";
				STRING_CATALOG_GENERATE_SYMBOLS = NO;
				SWIFT_APPROACHABLE_CONCURRENCY = YES;
				SWIFT_EMIT_LOC_STRINGS = NO;
				SWIFT_UPCOMING_FEATURE_MEMBER_IMPORT_VISIBILITY = YES;
				SWIFT_VERSION = 6.0;
				TARGETED_DEVICE_FAMILY = "1,2";
				TEST_HOST = "$(BUILT_PRODUCTS_DIR)/watake.app/$(BUNDLE_EXECUTABLE_FOLDER_PATH)/watake";
			};
			name = "Debug-Dev";
		};
		66D93EE8301244A500039664 /* Release-Prod */ = {
			isa = XCBuildConfiguration;
			buildSettings = {
				BUNDLE_LOADER = "$(TEST_HOST)";
				CODE_SIGN_STYLE = Automatic;
				CURRENT_PROJECT_VERSION = 1;
				DEVELOPMENT_TEAM = RKJRTR6K94;
				GENERATE_INFOPLIST_FILE = YES;
				IPHONEOS_DEPLOYMENT_TARGET = 17.0;
				MARKETING_VERSION = 1.0;
				PRODUCT_BUNDLE_IDENTIFIER = com.reypryma.watakeTests;
				PRODUCT_NAME = "$(TARGET_NAME)";
				STRING_CATALOG_GENERATE_SYMBOLS = NO;
				SWIFT_APPROACHABLE_CONCURRENCY = YES;
				SWIFT_EMIT_LOC_STRINGS = NO;
				SWIFT_UPCOMING_FEATURE_MEMBER_IMPORT_VISIBILITY = YES;
				SWIFT_VERSION = 6.0;
				TARGETED_DEVICE_FAMILY = "1,2";
				TEST_HOST = "$(BUILT_PRODUCTS_DIR)/watake.app/$(BUNDLE_EXECUTABLE_FOLDER_PATH)/watake";
			};
			name = "Release-Prod";
		};
		66D93EEA301244A500039664 /* Debug-Dev */ = {
			isa = XCBuildConfiguration;
			buildSettings = {
				CODE_SIGN_STYLE = Automatic;
				CURRENT_PROJECT_VERSION = 1;
				DEVELOPMENT_TEAM = RKJRTR6K94;
				GENERATE_INFOPLIST_FILE = YES;
				MARKETING_VERSION = 1.0;
				PRODUCT_BUNDLE_IDENTIFIER = com.reypryma.watakeUITests;
				PRODUCT_NAME = "$(TARGET_NAME)";
				STRING_CATALOG_GENERATE_SYMBOLS = NO;
				SWIFT_APPROACHABLE_CONCURRENCY = YES;
				SWIFT_EMIT_LOC_STRINGS = NO;
				SWIFT_UPCOMING_FEATURE_MEMBER_IMPORT_VISIBILITY = YES;
				SWIFT_VERSION = 6.0;
				TARGETED_DEVICE_FAMILY = "1,2";
				TEST_TARGET_NAME = watake;
			};
			name = "Debug-Dev";
		};
		66D93EEB301244A500039664 /* Release-Prod */ = {
			isa = XCBuildConfiguration;
			buildSettings = {
				CODE_SIGN_STYLE = Automatic;
				CURRENT_PROJECT_VERSION = 1;
				DEVELOPMENT_TEAM = RKJRTR6K94;
				GENERATE_INFOPLIST_FILE = YES;
				MARKETING_VERSION = 1.0;
				PRODUCT_BUNDLE_IDENTIFIER = com.reypryma.watakeUITests;
				PRODUCT_NAME = "$(TARGET_NAME)";
				STRING_CATALOG_GENERATE_SYMBOLS = NO;
				SWIFT_APPROACHABLE_CONCURRENCY = YES;
				SWIFT_EMIT_LOC_STRINGS = NO;
				SWIFT_UPCOMING_FEATURE_MEMBER_IMPORT_VISIBILITY = YES;
				SWIFT_VERSION = 6.0;
				TARGETED_DEVICE_FAMILY = "1,2";
				TEST_TARGET_NAME = watake;
			};
			name = "Release-Prod";
		};
		C0DE00100000000000000010 /* Debug-Staging */ = {
			isa = XCBuildConfiguration;
			buildSettings = {
				ALWAYS_SEARCH_USER_PATHS = NO;
				ASSETCATALOG_COMPILER_GENERATE_SWIFT_ASSET_SYMBOL_EXTENSIONS = YES;
				CLANG_ENABLE_MODULES = YES;
				CLANG_ENABLE_OBJC_ARC = YES;
				CLANG_WARN_BOOL_CONVERSION = YES;
				CLANG_WARN_CONSTANT_CONVERSION = YES;
				CLANG_WARN_DOCUMENTATION_COMMENTS = YES;
				CLANG_WARN_EMPTY_BODY = YES;
				CLANG_WARN_INFINITE_RECURSION = YES;
				CLANG_WARN_INT_CONVERSION = YES;
				CLANG_WARN_UNREACHABLE_CODE = YES;
				COPY_PHASE_STRIP = NO;
				DEBUG_INFORMATION_FORMAT = dwarf;
				ENABLE_TESTABILITY = YES;
				ENABLE_USER_SCRIPT_SANDBOXING = YES;
				GCC_C_LANGUAGE_STANDARD = gnu17;
				GCC_NO_COMMON_BLOCKS = YES;
				GCC_OPTIMIZATION_LEVEL = 0;
				GCC_PREPROCESSOR_DEFINITIONS = (
					"DEBUG=1",
					"$(inherited)",
				);
				IPHONEOS_DEPLOYMENT_TARGET = 17.0;
				ONLY_ACTIVE_ARCH = YES;
				SDKROOT = iphoneos;
				SWIFT_ACTIVE_COMPILATION_CONDITIONS = "DEBUG $(inherited)";
				SWIFT_OPTIMIZATION_LEVEL = "-Onone";
			};
			name = "Debug-Staging";
		};
		C0DE00110000000000000011 /* Debug-Staging */ = {
			isa = XCBuildConfiguration;
			baseConfigurationReference = C0DE00030000000000000003 /* Staging.xcconfig */;
			buildSettings = {
				CODE_SIGN_STYLE = Automatic;
				ENABLE_PREVIEWS = YES;
				GENERATE_INFOPLIST_FILE = YES;
				INFOPLIST_KEY_UIApplicationSceneManifest_Generation = YES;
				INFOPLIST_KEY_UIApplicationSupportsIndirectInputEvents = YES;
				INFOPLIST_KEY_UILaunchScreen_Generation = YES;
				INFOPLIST_KEY_UISupportedInterfaceOrientations_iPad = "UIInterfaceOrientationPortrait UIInterfaceOrientationPortraitUpsideDown UIInterfaceOrientationLandscapeLeft UIInterfaceOrientationLandscapeRight";
				INFOPLIST_KEY_UISupportedInterfaceOrientations_iPhone = "UIInterfaceOrientationPortrait UIInterfaceOrientationLandscapeLeft UIInterfaceOrientationLandscapeRight";
				LD_RUNPATH_SEARCH_PATHS = (
					"$(inherited)",
					"@executable_path/Frameworks",
				);
				PRODUCT_NAME = "$(TARGET_NAME)";
				STRING_CATALOG_GENERATE_SYMBOLS = YES;
				SWIFT_APPROACHABLE_CONCURRENCY = YES;
				SWIFT_DEFAULT_ACTOR_ISOLATION = MainActor;
				SWIFT_EMIT_LOC_STRINGS = YES;
				SWIFT_UPCOMING_FEATURE_MEMBER_IMPORT_VISIBILITY = YES;
			};
			name = "Debug-Staging";
		};
		C0DE00120000000000000012 /* Debug-Staging */ = {
			isa = XCBuildConfiguration;
			buildSettings = {
				BUNDLE_LOADER = "$(TEST_HOST)";
				CODE_SIGN_STYLE = Automatic;
				CURRENT_PROJECT_VERSION = 1;
				DEVELOPMENT_TEAM = RKJRTR6K94;
				GENERATE_INFOPLIST_FILE = YES;
				IPHONEOS_DEPLOYMENT_TARGET = 17.0;
				MARKETING_VERSION = 1.0;
				PRODUCT_BUNDLE_IDENTIFIER = com.reypryma.watakeTests;
				PRODUCT_NAME = "$(TARGET_NAME)";
				STRING_CATALOG_GENERATE_SYMBOLS = NO;
				SWIFT_APPROACHABLE_CONCURRENCY = YES;
				SWIFT_EMIT_LOC_STRINGS = NO;
				SWIFT_UPCOMING_FEATURE_MEMBER_IMPORT_VISIBILITY = YES;
				SWIFT_VERSION = 6.0;
				TARGETED_DEVICE_FAMILY = "1,2";
				TEST_HOST = "$(BUILT_PRODUCTS_DIR)/watake.app/$(BUNDLE_EXECUTABLE_FOLDER_PATH)/watake";
			};
			name = "Debug-Staging";
		};
		C0DE00130000000000000013 /* Debug-Staging */ = {
			isa = XCBuildConfiguration;
			buildSettings = {
				CODE_SIGN_STYLE = Automatic;
				CURRENT_PROJECT_VERSION = 1;
				DEVELOPMENT_TEAM = RKJRTR6K94;
				GENERATE_INFOPLIST_FILE = YES;
				MARKETING_VERSION = 1.0;
				PRODUCT_BUNDLE_IDENTIFIER = com.reypryma.watakeUITests;
				PRODUCT_NAME = "$(TARGET_NAME)";
				STRING_CATALOG_GENERATE_SYMBOLS = NO;
				SWIFT_APPROACHABLE_CONCURRENCY = YES;
				SWIFT_EMIT_LOC_STRINGS = NO;
				SWIFT_UPCOMING_FEATURE_MEMBER_IMPORT_VISIBILITY = YES;
				SWIFT_VERSION = 6.0;
				TARGETED_DEVICE_FAMILY = "1,2";
				TEST_TARGET_NAME = watake;
			};
			name = "Debug-Staging";
		};
/* End XCBuildConfiguration section */

/* Begin XCConfigurationList section */
		66D93EBB301244A300039664 /* Build configuration list for PBXProject "watake" */ = {
			isa = XCConfigurationList;
			buildConfigurations = (
				66D93EE1301244A500039664 /* Debug-Dev */,
				C0DE00100000000000000010 /* Debug-Staging */,
				66D93EE2301244A500039664 /* Release-Prod */,
			);
			defaultConfigurationIsVisible = 0;
			defaultConfigurationName = "Release-Prod";
		};
		66D93EE3301244A500039664 /* Build configuration list for PBXNativeTarget "watake" */ = {
			isa = XCConfigurationList;
			buildConfigurations = (
				66D93EE4301244A500039664 /* Debug-Dev */,
				C0DE00110000000000000011 /* Debug-Staging */,
				66D93EE5301244A500039664 /* Release-Prod */,
			);
			defaultConfigurationIsVisible = 0;
			defaultConfigurationName = "Release-Prod";
		};
		66D93EE6301244A500039664 /* Build configuration list for PBXNativeTarget "watakeTests" */ = {
			isa = XCConfigurationList;
			buildConfigurations = (
				66D93EE7301244A500039664 /* Debug-Dev */,
				C0DE00120000000000000012 /* Debug-Staging */,
				66D93EE8301244A500039664 /* Release-Prod */,
			);
			defaultConfigurationIsVisible = 0;
			defaultConfigurationName = "Release-Prod";
		};
		66D93EE9301244A500039664 /* Build configuration list for PBXNativeTarget "watakeUITests" */ = {
			isa = XCConfigurationList;
			buildConfigurations = (
				66D93EEA301244A500039664 /* Debug-Dev */,
				C0DE00130000000000000013 /* Debug-Staging */,
				66D93EEB301244A500039664 /* Release-Prod */,
			);
			defaultConfigurationIsVisible = 0;
			defaultConfigurationName = "Release-Prod";
		};
/* End XCConfigurationList section */

/* Begin XCLocalSwiftPackageReference section */
		C6A700000000000000000001 /* XCLocalSwiftPackageReference "Packages/CaptureServices" */ = {
			isa = XCLocalSwiftPackageReference;
			relativePath = Packages/CaptureServices;
		};
		DE51900000000000000000A1 /* XCLocalSwiftPackageReference "Packages/DesignSystem" */ = {
			isa = XCLocalSwiftPackageReference;
			relativePath = Packages/DesignSystem;
		};
		A80000000000000000000001 /* XCLocalSwiftPackageReference "Packages/ArchiveServices" */ = {
			isa = XCLocalSwiftPackageReference;
			relativePath = Packages/ArchiveServices;
		};
		A80100000000000000000001 /* XCLocalSwiftPackageReference "Packages/WatakeDomain" */ = {
			isa = XCLocalSwiftPackageReference;
			relativePath = Packages/WatakeDomain;
		};
		A80200000000000000000001 /* XCLocalSwiftPackageReference "Packages/WatakeStorage" */ = {
			isa = XCLocalSwiftPackageReference;
			relativePath = Packages/WatakeStorage;
		};
		A80300000000000000000001 /* XCLocalSwiftPackageReference "Packages/DocumentViewerFeature" */ = {
			isa = XCLocalSwiftPackageReference;
			relativePath = Packages/DocumentViewerFeature;
		};
		A80400000000000000000001 /* XCLocalSwiftPackageReference "Packages/CaptureFeature" */ = {
			isa = XCLocalSwiftPackageReference;
			relativePath = Packages/CaptureFeature;
		};
/* End XCLocalSwiftPackageReference section */

/* Begin XCSwiftPackageProductDependency section */
		C6A700000000000000000002 /* CaptureServices */ = {
			isa = XCSwiftPackageProductDependency;
			productName = CaptureServices;
		};
		DE51900000000000000000A2 /* DesignSystem */ = {
			isa = XCSwiftPackageProductDependency;
			productName = DesignSystem;
		};
		A80000000000000000000002 /* ArchiveServices */ = {
			isa = XCSwiftPackageProductDependency;
			package = A80000000000000000000001 /* XCLocalSwiftPackageReference "Packages/ArchiveServices" */;
			productName = ArchiveServices;
		};
		A80100000000000000000002 /* WatakeDomain */ = {
			isa = XCSwiftPackageProductDependency;
			package = A80100000000000000000001 /* XCLocalSwiftPackageReference "Packages/WatakeDomain" */;
			productName = WatakeDomain;
		};
		A80200000000000000000002 /* WatakeStorage */ = {
			isa = XCSwiftPackageProductDependency;
			package = A80200000000000000000001 /* XCLocalSwiftPackageReference "Packages/WatakeStorage" */;
			productName = WatakeStorage;
		};
		A80300000000000000000002 /* DocumentViewerFeature */ = {
			isa = XCSwiftPackageProductDependency;
			package = A80300000000000000000001 /* XCLocalSwiftPackageReference "Packages/DocumentViewerFeature" */;
			productName = DocumentViewerFeature;
		};
		A80400000000000000000002 /* CaptureFeature */ = {
			isa = XCSwiftPackageProductDependency;
			package = A80400000000000000000001 /* XCLocalSwiftPackageReference "Packages/CaptureFeature" */;
			productName = CaptureFeature;
		};
/* End XCSwiftPackageProductDependency section */
	};
	rootObject = 66D93EB8301244A300039664 /* Project object */;
}
